
Microsoft Visual Studio Solution File, Format Version 12.00
# Visual Studio Version 17
VisualStudioVersion = 17.14.36301.6 d17.14
MinimumVisualStudioVersion = 10.0.40219.1
Project("{FAE04EC0-301F-11D3-BF4B-00C04F79EFBC}") = "animal shelter", "animal shelter\animal shelter.csproj", "{1467FCD0-7B37-46FA-B83F-9EF534A20289}"
EndProject
Global
	GlobalSection(SolutionConfigurationPlatforms) = preSolution
		Debug|Any CPU = Debug|Any CPU
		Release|Any CPU = Release|Any CPU
	EndGlobalSection
	GlobalSection(ProjectConfigurationPlatforms) = postSolution
		{1467FCD0-7B37-46FA-B83F-9EF534A20289}.Debug|Any CPU.ActiveCfg = Debug|Any CPU
		{1467FCD0-7B37-46FA-B83F-9EF534A20289}.Debug|Any CPU.Build.0 = Debug|Any CPU
		{1467FCD0-7B37-46FA-B83F-9EF534A20289}.Release|Any CPU.ActiveCfg = Release|Any CPU
		{1467FCD0-7B37-46FA-B83F-9EF534A20289}.Release|Any CPU.Build.0 = Release|Any CPU
	EndGlobalSection
	GlobalSection(SolutionProperties) = preSolution
		HideSolutionNode = FALSE
	EndGlobalSection
	GlobalSection(ExtensibilityGlobals) = postSolution
		SolutionGuid = {176A6C01-C0A6-40BD-9866-524B69A34829}
	EndGlobalSection
EndGlobal
